// !$*UTF8*$!
{
	archiveVersion = 1;
	classes = {
	};
	objectVersion = 55;
	objects = {

/* Begin PBXBuildFile section */
		F8DA06D2281F686D00A3F8A4 /* Rounds.swift in Sources */ = {isa = PBXBuildFile; fileRef = F8DA06D1281F686D00A3F8A4 /* Rounds.swift */; };
		F8DA06D8281F6FBC00A3F8A4 /* RoundTableViewCell.swift in Sources */ = {isa = PBXBuildFile; fileRef = F8DA06D7281F6FBC00A3F8A4 /* RoundTableViewCell.swift */; };
		F8F062E5281DD89E0085D900 /* AppDelegate.swift in Sources */ = {isa = PBXBuildFile; fileRef = F8F062E4281DD89E0085D900 /* AppDelegate.swift */; };
		F8F062E7281DD89E0085D900 /* SceneDelegate.swift in Sources */ = {isa = PBXBuildFile; fileRef = F8F062E6281DD89E0085D900 /* SceneDelegate.swift */; };
		F8F062E9281DD89E0085D900 /* ViewController.swift in Sources */ = {isa = PBXBuildFile; fileRef = F8F062E8281DD89E0085D900 /* ViewController.swift */; };
		F8F062EC281DD89E0085D900 /* Main.storyboard in Resources */ = {isa = PBXBuildFile; fileRef = F8F062EA281DD89E0085D900 /* Main.storyboard */; };
		F8F062EE281DD89F0085D900 /* Assets.xcassets in Resources */ = {isa = PBXBuildFile; fileRef = F8F062ED281DD89F0085D900 /* Assets.xcassets */; };
		F8F062F1281DD89F0085D900 /* LaunchScreen.storyboard in Resources */ = {isa = PBXBuildFile; fileRef = F8F062EF281DD89F0085D900 /* LaunchScreen.storyboard */; };
		F8F062F9281DDBF20085D900 /* Round.swift in Sources */ = {isa = PBXBuildFile; fileRef = F8F062F8281DDBF20085D900 /* Round.swift */; };
		F8F062FB281DE2E70085D900 /* RoundDetailTableViewController.swift in Sources */ = {isa = PBXBuildFile; fileRef = F8F062FA281DE2E70085D900 /* RoundDetailTableViewController.swift */; };
/* End PBXBuildFile section */

/* Begin PBXFileReference section */
		F8DA06D1281F686D00A3F8A4 /* Rounds.swift */ = {isa = PBXFileReference; lastKnownFileType = sourcecode.swift; path = Rounds.swift; sourceTree = "<group>"; };
		F8DA06D7281F6FBC00A3F8A4 /* RoundTableViewCell.swift */ = {isa = PBXFileReference; lastKnownFileType = sourcecode.swift; path = RoundTableViewCell.swift; sourceTree = "<group>"; };
		F8F062E1281DD89E0085D900 /* ScoreZ.app */ = {isa = PBXFileReference; explicitFileType = wrapper.application; includeInIndex = 0; path = ScoreZ.app; sourceTree = BUILT_PRODUCTS_DIR; };
		F8F062E4281DD89E0085D900 /* AppDelegate.swift */ = {isa = PBXFileReference; lastKnownFileType = sourcecode.swift; path = AppDelegate.swift; sourceTree = "<group>"; };
		F8F062E6281DD89E0085D900 /* SceneDelegate.swift */ = {isa = PBXFileReference; lastKnownFileType = sourcecode.swift; path = SceneDelegate.swift; sourceTree = "<group>"; };
		F8F062E8281DD89E0085D900 /* ViewController.swift */ = {isa = PBXFileReference; lastKnownFileType = sourcecode.swift; path = ViewController.swift; sourceTree = "<group>"; };
		F8F062EB281DD89E0085D900 /* Base */ = {isa = PBXFileReference; lastKnownFileType = file.storyboard; name = Base; path = Base.lproj/Main.storyboard; sourceTree = "<group>"; };
		F8F062ED281DD89F0085D900 /* Assets.xcassets */ = {isa = PBXFileReference; lastKnownFileType = folder.assetcatalog; path = Assets.xcassets; sourceTree = "<group>"; };
		F8F062F0281DD89F0085D900 /* Base */ = {isa = PBXFileReference; lastKnownFileType = file.storyboard; name = Base; path = Base.lproj/LaunchScreen.storyboard; sourceTree = "<group>"; };
		F8F062F2281DD89F0085D900 /* Info.plist */ = {isa = PBXFileReference; lastKnownFileType = text.plist.xml; path = Info.plist; sourceTree = "<group>"; };
		F8F062F8281DDBF20085D900 /* Round.swift */ = {isa = PBXFileReference; lastKnownFileType = sourcecode.swift; path = Round.swift; sourceTree = "<group>"; };
		F8F062FA281DE2E70085D900 /* RoundDetailTableViewController.swift */ = {isa = PBXFileReference; lastKnownFileType = sourcecode.swift; path = RoundDetailTableViewController.swift; sourceTree = "<group>"; };
/* End PBXFileReference section */

/* Begin PBXFrameworksBuildPhase section */
		F8F062DE281DD89E0085D900 /* Frameworks */ = {
			isa = PBXFrameworksBuildPhase;
			buildActionMask = 2147483647;
			files = (
			);
			runOnlyForDeploymentPostprocessing = 0;
		};
/* End PBXFrameworksBuildPhase section */

/* Begin PBXGroup section */
		F8F062D8281DD89E0085D900 = {
			isa = PBXGroup;
			children = (
				F8F062E3281DD89E0085D900 /* ScoreZ */,
				F8F062E2281DD89E0085D900 /* Products */,
			);
			sourceTree = "<group>";
		};
		F8F062E2281DD89E0085D900 /* Products */ = {
			isa = PBXGroup;
			children = (
				F8F062E1281DD89E0085D900 /* ScoreZ.app */,
			);
			name = Products;
			sourceTree = "<group>";
		};
		F8F062E3281DD89E0085D900 /* ScoreZ */ = {
			isa = PBXGroup;
			children = (
				F8F062E4281DD89E0085D900 /* AppDelegate.swift */,
				F8F062E6281DD89E0085D900 /* SceneDelegate.swift */,
				F8F062F8281DDBF20085D900 /* Round.swift */,
				F8DA06D1281F686D00A3F8A4 /* Rounds.swift */,
				F8F062E8281DD89E0085D900 /* ViewController.swift */,
				F8F062FA281DE2E70085D900 /* RoundDetailTableViewController.swift */,
				F8DA06D7281F6FBC00A3F8A4 /* RoundTableViewCell.swift */,
				F8F062EA281DD89E0085D900 /* Main.storyboard */,
				F8F062ED281DD89F0085D900 /* Assets.xcassets */,
				F8F062EF281DD89F0085D900 /* LaunchScreen.storyboard */,
				F8F062F2281DD89F0085D900 /* Info.plist */,
			);
			path = ScoreZ;
			sourceTree = "<group>";
		};
/* End PBXGroup section */

/* Begin PBXNativeTarget section */
		F8F062E0281DD89E0085D900 /* ScoreZ */ = {
			isa = PBXNativeTarget;
			buildConfigurationList = F8F062F5281DD89F0085D900 /* Build configuration list for PBXNativeTarget "ScoreZ" */;
			buildPhases = (
				F8F062DD281DD89E0085D900 /* Sources */,
				F8F062DE281DD89E0085D900 /* Frameworks */,
				F8F062DF281DD89E0085D900 /* Resources */,
			);
			buildRules = (
			);
			dependencies = (
			);
			name = ScoreZ;
			productName = ScoreZ;
			productReference = F8F062E1281DD89E0085D900 /* ScoreZ.app */;
			productType = "com.apple.product-type.application";
		};
/* End PBXNativeTarget section */

/* Begin PBXProject section */
		F8F062D9281DD89E0085D900 /* Project object */ = {
			isa = PBXProject;
			attributes = {
				BuildIndependentTargetsInParallel = 1;
				LastSwiftUpdateCheck = 1330;
				LastUpgradeCheck = 1330;
				TargetAttributes = {
					F8F062E0281DD89E0085D900 = {
						CreatedOnToolsVersion = 13.3.1;
					};
				};
			};
			buildConfigurationList = F8F062DC281DD89E0085D900 /* Build configuration list for PBXProject "ScoreZ" */;
			compatibilityVersion = "Xcode 13.0";
			developmentRegion = en;
			hasScannedForEncodings = 0;
			knownRegions = (
				en,
				Base,
			);
			mainGroup = F8F062D8281DD89E0085D900;
			productRefGroup = F8F062E2281DD89E0085D900 /* Products */;
			projectDirPath = "";
			projectRoot = "";
			targets = (
				F8F062E0281DD89E0085D900 /* ScoreZ */,
			);
		};
/* End PBXProject section */

/* Begin PBXResourcesBuildPhase section */
		F8F062DF281DD89E0085D900 /* Resources */ = {
			isa = PBXResourcesBuildPhase;
			buildActionMask = 2147483647;
			files = (
				F8F062F1281DD89F0085D900 /* LaunchScreen.storyboard in Resources */,
				F8F062EE281DD89F0085D900 /* Assets.xcassets in Resources */,
				F8F062EC281DD89E0085D900 /* Main.storyboard in Resources */,
			);
			runOnlyForDeploymentPostprocessing = 0;
		};
/* End PBXResourcesBuildPhase section */

/* Begin PBXSourcesBuildPhase section */
		F8F062DD281DD89E0085D900 /* Sources */ = {
			isa = PBXSourcesBuildPhase;
			buildActionMask = 2147483647;
			files = (
				F8F062E9281DD89E0085D900 /* ViewController.swift in Sources */,
				F8F062E5281DD89E0085D900 /* AppDelegate.swift in Sources */,
				F8DA06D2281F686D00A3F8A4 /* Rounds.swift in Sources */,
				F8DA06D8281F6FBC00A3F8A4 /* RoundTableViewCell.swift in Sources */,
				F8F062E7281DD89E0085D900 /* SceneDelegate.swift in Sources */,
				F8F062F9281DDBF20085D900 /* Round.swift in Sources */,
				F8F062FB281DE2E70085D900 /* RoundDetailTableViewController.swift in Sources */,
			);
			runOnlyForDeploymentPostprocessing = 0;
		};
/* End PBXSourcesBuildPhase section */

/* Begin PBXVariantGroup section */
		F8F062EA281DD89E0085D900 /* Main.storyboard */ = {
			isa = PBXVariantGroup;
			children = (
				F8F062EB281DD89E0085D900 /* Base */,
			);
			name = Main.storyboard;
			sourceTree = "<group>";
		};
		F8F062EF281DD89F0085D900 /* LaunchScreen.storyboard */ = {
			isa = PBXVariantGroup;
			children = (
				F8F062F0281DD89F0085D900 /* Base */,
			);
			name = LaunchScreen.storyboard;
			sourceTree = "<group>";
		};
/* End PBXVariantGroup section */

/* Begin XCBuildConfiguration section */
		F8F062F3281DD89F0085D900 /* Debug */ = {
			isa = XCBuildConfiguration;
			buildSettings = {
				ALWAYS_SEARCH_USER_PATHS = NO;
				CLANG_ANALYZER_NONNULL = YES;
				CLANG_ANALYZER_NUMBER_OBJECT_CONVERSION = YES_AGGRESSIVE;
				CLANG_CXX_LANGUAGE_STANDARD = "gnu++17";
				CLANG_ENABLE_MODULES = YES;
				CLANG_ENABLE_OBJC_ARC = YES;
				CLANG_ENABLE_OBJC_WEAK = YES;
				CLANG_WARN_BLOCK_CAPTURE_AUTORELEASING = YES;
				CLANG_WARN_BOOL_CONVERSION = YES;
				CLANG_WARN_COMMA = YES;
				CLANG_WARN_CONSTANT_CONVERSION = YES;
				CLANG_WARN_DEPRECATED_OBJC_IMPLEMENTATIONS = YES;
				CLANG_WARN_DIRECT_OBJC_ISA_USAGE = YES_ERROR;
				CLANG_WARN_DOCUMENTATION_COMMENTS = YES;
				CLANG_WARN_EMPTY_BODY = YES;
				CLANG_WARN_ENUM_CONVERSION = YES;
				CLANG_WARN_INFINITE_RECURSION = YES;
				CLANG_WARN_INT_CONVERSION = YES;
				CLANG_WARN_NON_LITERAL_NULL_CONVERSION = YES;
				CLANG_WARN_OBJC_IMPLICIT_RETAIN_SELF = YES;
				CLANG_WARN_OBJC_LITERAL_CONVERSION = YES;
				CLANG_WARN_OBJC_ROOT_CLASS = YES_ERROR;
				CLANG_WARN_QUOTED_INCLUDE_IN_FRAMEWORK_HEADER = YES;
				CLANG_WARN_RANGE_LOOP_ANALYSIS = YES;
				CLANG_WARN_STRICT_PROTOTYPES = YES;
				CLANG_WARN_SUSPICIOUS_MOVE = YES;
				CLANG_WARN_UNGUARDED_AVAILABILITY = YES_AGGRESSIVE;
				CLANG_WARN_UNREACHABLE_CODE = YES;
				CLANG_WARN__DUPLICATE_METHOD_MATCH = YES;
				COPY_PHASE_STRIP = NO;
				DEBUG_INFORMATION_FORMAT = dwarf;
				ENABLE_STRICT_OBJC_MSGSEND = YES;
				ENABLE_TESTABILITY = YES;
				GCC_C_LANGUAGE_STANDARD = gnu11;
				GCC_DYNAMIC_NO_PIC = NO;
				GCC_NO_COMMON_BLOCKS = YES;
				GCC_OPTIMIZATION_LEVEL = 0;
				GCC_PREPROCESSOR_DEFINITIONS = (
					"DEBUG=1",
					"$(inherited)",
				);
				GCC_WARN_64_TO_32_BIT_CONVERSION = YES;
				GCC_WARN_ABOUT_RETURN_TYPE = YES_ERROR;
				GCC_WARN_UNDECLARED_SELECTOR = YES;
				GCC_WARN_UNINITIALIZED_AUTOS = YES_AGGRESSIVE;
				GCC_WARN_UNUSED_FUNCTION = YES;
				GCC_WARN_UNUSED_VARIABLE = YES;
				IPHONEOS_DEPLOYMENT_TARGET = 15.4;
				MTL_ENABLE_DEBUG_INFO = INCLUDE_SOURCE;
				MTL_FAST_MATH = YES;
				ONLY_ACTIVE_ARCH = YES;
				SDKROOT = iphoneos;
				SWIFT_ACTIVE_COMPILATION_CONDITIONS = DEBUG;
				SWIFT_OPTIMIZATION_LEVEL = "-Onone";
			};
			name = Debug;
		};
		F8F062F4281DD89F0085D900 /* Release */ = {
			isa = XCBuildConfiguration;
			buildSettings = {
				ALWAYS_SEARCH_USER_PATHS = NO;
				CLANG_ANALYZER_NONNULL = YES;
				CLANG_ANALYZER_NUMBER_OBJECT_CONVERSION = YES_AGGRESSIVE;
				CLANG_CXX_LANGUAGE_STANDARD = "gnu++17";
				CLANG_ENABLE_MODULES = YES;
				CLANG_ENABLE_OBJC_ARC = YES;
				CLANG_ENABLE_OBJC_WEAK = YES;
				CLANG_WARN_BLOCK_CAPTURE_AUTORELEASING = YES;
				CLANG_WARN_BOOL_CONVERSION = YES;
				CLANG_WARN_COMMA = YES;
				CLANG_WARN_CONSTANT_CONVERSION = YES;
				CLANG_WARN_DEPRECATED_OBJC_IMPLEMENTATIONS = YES;
				CLANG_WARN_DIRECT_OBJC_ISA_USAGE = YES_ERROR;
				CLANG_WARN_DOCUMENTATION_COMMENTS = YES;
				CLANG_WARN_EMPTY_BODY = YES;
				CLANG_WARN_ENUM_CONVERSION = YES;
				CLANG_WARN_INFINITE_RECURSION = YES;
				CLANG_WARN_INT_CONVERSION = YES;
				CLANG_WARN_NON_LITERAL_NULL_CONVERSION = YES;
				CLANG_WARN_OBJC_IMPLICIT_RETAIN_SELF = YES;
				CLANG_WARN_OBJC_LITERAL_CONVERSION = YES;
				CLANG_WARN_OBJC_ROOT_CLASS = YES_ERROR;
				CLANG_WARN_QUOTED_INCLUDE_IN_FRAMEWORK_HEADER = YES;
				CLANG_WARN_RANGE_LOOP_ANALYSIS = YES;
				CLANG_WARN_STRICT_PROTOTYPES = YES;
				CLANG_WARN_SUSPICIOUS_MOVE = YES;
				CLANG_WARN_UNGUARDED_AVAILABILITY = YES_AGGRESSIVE;
				CLANG_WARN_UNREACHABLE_CODE = YES;
				CLANG_WARN__DUPLICATE_METHOD_MATCH = YES;
				COPY_PHASE_STRIP = NO;
				DEBUG_INFORMATION_FORMAT = "dwarf-with-dsym";
				ENABLE_NS_ASSERTIONS = NO;
				ENABLE_STRICT_OBJC_MSGSEND = YES;
				GCC_C_LANGUAGE_STANDARD = gnu11;
				GCC_NO_COMMON_BLOCKS = YES;
				GCC_WARN_64_TO_32_BIT_CONVERSION = YES;
				GCC_WARN_ABOUT_RETURN_TYPE = YES_ERROR;
				GCC_WARN_UNDECLARED_SELECTOR = YES;
				GCC_WARN_UNINITIALIZED_AUTOS = YES_AGGRESSIVE;
				GCC_WARN_UNUSED_FUNCTION = YES;
				GCC_WARN_UNUSED_VARIABLE = YES;
				IPHONEOS_DEPLOYMENT_TARGET = 15.4;
				MTL_ENABLE_DEBUG_INFO = NO;
				MTL_FAST_MATH = YES;
				SDKROOT = iphoneos;
				SWIFT_COMPILATION_MODE = wholemodule;
				SWIFT_OPTIMIZATION_LEVEL = "-O";
				VALIDATE_PRODUCT = YES;
			};
			name = Release;
		};
		F8F062F6281DD89F0085D900 /* Debug */ = {
			isa = XCBuildConfiguration;
			buildSettings = {
				ASSETCATALOG_COMPILER_APPICON_NAME = AppIcon;
				ASSETCATALOG_COMPILER_GLOBAL_ACCENT_COLOR_NAME = AccentColor;
				CODE_SIGN_STYLE = Automatic;
				CURRENT_PROJECT_VERSION = 1;
				DEVELOPMENT_TEAM = NM8W7ASYJJ;
				GENERATE_INFOPLIST_FILE = YES;
				INFOPLIST_FILE = ScoreZ/Info.plist;
				INFOPLIST_KEY_UIApplicationSupportsIndirectInputEvents = YES;
				INFOPLIST_KEY_UILaunchStoryboardName = LaunchScreen;
				INFOPLIST_KEY_UIMainStoryboardFile = Main;
				INFOPLIST_KEY_UISupportedInterfaceOrientations_iPad = "UIInterfaceOrientationPortrait UIInterfaceOrientationPortraitUpsideDown UIInterfaceOrientationLandscapeLeft UIInterfaceOrientationLandscapeRight";
				INFOPLIST_KEY_UISupportedInterfaceOrientations_iPhone = "UIInterfaceOrientationPortrait UIInterfaceOrientationLandscapeLeft UIInterfaceOrientationLandscapeRight";
				LD_RUNPATH_SEARCH_PATHS = (
					"$(inherited)",
					"@executable_path/Frameworks",
				);
				MARKETING_VERSION = 1.0;
				PRODUCT_BUNDLE_IDENTIFIER = "Dominic-Severo.ScoreZ";
				PRODUCT_NAME = "$(TARGET_NAME)";
				SWIFT_EMIT_LOC_STRINGS = YES;
				SWIFT_VERSION = 5.0;
				TARGETED_DEVICE_FAMILY = "1,2";
			};
			name = Debug;
		};
		F8F062F7281DD89F0085D900 /* Release */ = {
			isa = XCBuildConfiguration;
			buildSettings = {
				ASSETCATALOG_COMPILER_APPICON_NAME = AppIcon;
				ASSETCATALOG_COMPILER_GLOBAL_ACCENT_COLOR_NAME = AccentColor;
				CODE_SIGN_STYLE = Automatic;
				CURRENT_PROJECT_VERSION = 1;
				DEVELOPMENT_TEAM = NM8W7ASYJJ;
				GENERATE_INFOPLIST_FILE = YES;
				INFOPLIST_FILE = ScoreZ/Info.plist;
				INFOPLIST_KEY_UIApplicationSupportsIndirectInputEvents = YES;
				INFOPLIST_KEY_UILaunchStoryboardName = LaunchScreen;
				INFOPLIST_KEY_UIMainStoryboardFile = Main;
				INFOPLIST_KEY_UISupportedInterfaceOrientations_iPad = "UIInterfaceOrientationPortrait UIInterfaceOrientationPortraitUpsideDown UIInterfaceOrientationLandscapeLeft UIInterfaceOrientationLandscapeRight";
				INFOPLIST_KEY_UISupportedInterfaceOrientations_iPhone = "UIInterfaceOrientationPortrait UIInterfaceOrientationLandscapeLeft UIInterfaceOrientationLandscapeRight";
				LD_RUNPATH_SEARCH_PATHS = (
					"$(inherited)",
					"@executable_path/Frameworks",
				);
				MARKETING_VERSION = 1.0;
				PRODUCT_BUNDLE_IDENTIFIER = "Dominic-Severo.ScoreZ";
				PRODUCT_NAME = "$(TARGET_NAME)";
				SWIFT_EMIT_LOC_STRINGS = YES;
				SWIFT_VERSION = 5.0;
				TARGETED_DEVICE_FAMILY = "1,2";
			};
			name = Release;
		};
/* End XCBuildConfiguration section */

/* Begin XCConfigurationList section */
		F8F062DC281DD89E0085D900 /* Build configuration list for PBXProject "ScoreZ" */ = {
			isa = XCConfigurationList;
			buildConfigurations = (
				F8F062F3281DD89F0085D900 /* Debug */,
				F8F062F4281DD89F0085D900 /* Release */,
			);
			defaultConfigurationIsVisible = 0;
			defaultConfigurationName = Release;
		};
		F8F062F5281DD89F0085D900 /* Build configuration list for PBXNativeTarget "ScoreZ" */ = {
			isa = XCConfigurationList;
			buildConfigurations = (
				F8F062F6281DD89F0085D900 /* Debug */,
				F8F062F7281DD89F0085D900 /* Release */,
			);
			defaultConfigurationIsVisible = 0;
			defaultConfigurationName = Release;
		};
/* End XCConfigurationList section */
	};
	rootObject = F8F062D9281DD89E0085D900 /* Project object */;
}
